
Microsoft Visual Studio Solution File, Format Version 12.00
# Visual Studio Version 16
VisualStudioVersion = 16.0.31205.134
MinimumVisualStudioVersion = 10.0.40219.1
Project("{9A19103F-16F7-4668-BE54-9A1E7A4F7556}") = "CometPeak.UnityCSharpLogging", "CometPeak.UnityCSharpLogging\CometPeak.UnityCSharpLogging.csproj", "{ABC95C37-116E-4E67-84AF-C57A2E6BB95A}"
EndProject
Project("{9A19103F-16F7-4668-BE54-9A1E7A4F7556}") = "CometPeak.UnityCSharpLogging.ExampleConsoleApp", "CometPeak.UnityCSharpLogging.ExampleConsoleApp\CometPeak.UnityCSharpLogging.ExampleConsoleApp.csproj", "{2FB5CDF1-BCAD-4B4F-9F85-7CFC5A1BEC12}"
EndProject
Global
	GlobalSection(SolutionConfigurationPlatforms) = preSolution
		Debug-CSharpLogging|Any CPU = Debug-CSharpLogging|Any CPU
		Debug-UnityLogging|Any CPU = Debug-UnityLogging|Any CPU
		Release-CSharpLogging|Any CPU = Release-CSharpLogging|Any CPU
		Release-UnityLogging|Any CPU = Release-UnityLogging|Any CPU
	EndGlobalSection
	GlobalSection(ProjectConfigurationPlatforms) = postSolution
		{ABC95C37-116E-4E67-84AF-C57A2E6BB95A}.Debug-CSharpLogging|Any CPU.ActiveCfg = Debug-CSharpLogging|Any CPU
		{ABC95C37-116E-4E67-84AF-C57A2E6BB95A}.Debug-CSharpLogging|Any CPU.Build.0 = Debug-CSharpLogging|Any CPU
		{ABC95C37-116E-4E67-84AF-C57A2E6BB95A}.Debug-UnityLogging|Any CPU.ActiveCfg = Debug-UnityLogging|Any CPU
		{ABC95C37-116E-4E67-84AF-C57A2E6BB95A}.Debug-UnityLogging|Any CPU.Build.0 = Debug-UnityLogging|Any CPU
		{ABC95C37-116E-4E67-84AF-C57A2E6BB95A}.Release-CSharpLogging|Any CPU.ActiveCfg = Release-CSharpLogging|Any CPU
		{ABC95C37-116E-4E67-84AF-C57A2E6BB95A}.Release-CSharpLogging|Any CPU.Build.0 = Release-CSharpLogging|Any CPU
		{ABC95C37-116E-4E67-84AF-C57A2E6BB95A}.Release-UnityLogging|Any CPU.ActiveCfg = Release-UnityLogging|Any CPU
		{ABC95C37-116E-4E67-84AF-C57A2E6BB95A}.Release-UnityLogging|Any CPU.Build.0 = Release-UnityLogging|Any CPU
		{2FB5CDF1-BCAD-4B4F-9F85-7CFC5A1BEC12}.Debug-CSharpLogging|Any CPU.ActiveCfg = Debug-CSharpLogging|Any CPU
		{2FB5CDF1-BCAD-4B4F-9F85-7CFC5A1BEC12}.Debug-CSharpLogging|Any CPU.Build.0 = Debug-CSharpLogging|Any CPU
		{2FB5CDF1-BCAD-4B4F-9F85-7CFC5A1BEC12}.Debug-UnityLogging|Any CPU.ActiveCfg = Debug-UnityLogging|Any CPU
		{2FB5CDF1-BCAD-4B4F-9F85-7CFC5A1BEC12}.Debug-UnityLogging|Any CPU.Build.0 = Debug-UnityLogging|Any CPU
		{2FB5CDF1-BCAD-4B4F-9F85-7CFC5A1BEC12}.Release-CSharpLogging|Any CPU.ActiveCfg = Release-CSharpLogging|Any CPU
		{2FB5CDF1-BCAD-4B4F-9F85-7CFC5A1BEC12}.Release-CSharpLogging|Any CPU.Build.0 = Release-CSharpLogging|Any CPU
		{2FB5CDF1-BCAD-4B4F-9F85-7CFC5A1BEC12}.Release-UnityLogging|Any CPU.ActiveCfg = Release-UnityLogging|Any CPU
		{2FB5CDF1-BCAD-4B4F-9F85-7CFC5A1BEC12}.Release-UnityLogging|Any CPU.Build.0 = Release-UnityLogging|Any CPU
	EndGlobalSection
	GlobalSection(SolutionProperties) = preSolution
		HideSolutionNode = FALSE
	EndGlobalSection
	GlobalSection(ExtensibilityGlobals) = postSolution
		SolutionGuid = {58273ED8-70F5-49A5-B149-5522F1FD8EAA}
	EndGlobalSection
EndGlobal
